<Solution>
  <Folder Name="/Solution Items/">
    <File Path="Directory.Build.props" />
  </Folder>
  <Project Path="Core/WrathTools.csproj" />
  <Project Path="Unity/WrathTools.Unity.csproj" Id="4b707886-5b9b-46f9-a534-86cd2946bd20" />
  <Project Path="UnityEditor/WrathTools.UnityEditor.csproj" />
</Solution>
